github.com/aws/aws-sdk-go-v2 v1.16.12/go.mod h1:C+Ym0ag2LIghJbXhfXZ0YEEp49rBWowxKzJLUoob0ts=
github.com/aws/aws-sdk-go-v2 v1.32.3 h1:T0dRlFBKcdaUPGNtkBSwHZxrtis8CQU17UpNBZYd0wk=
github.com/aws/aws-sdk-go-v2 v1.32.3/go.mod h1:2SK5n0a2karNTv5tbP1SjsX0uhttou00v/HpXKM1ZUo=
github.com/aws/aws-sdk-go-v2 v1.41.0 h1:tNvqh1s+v0vFYdA1xq0aOJH+Y5cRyZ5upu6roPgPKd4=
github.com/aws/aws-sdk-go-v2 v1.41.0/go.mod h1:MayyLB8y+buD9hZqkCW3kX1AKq07Y5pXxtgB+rRFhz0=
github.com/aws/aws-sdk-go-v2/aws/protocol/eventstream v1.7.4 h1:489krEF9xIGkOaaX3CE/Be2uWjiXrkCH6gUX+bZA/BU=
github.com/aws/aws-sdk-go-v2/aws/protocol/eventstream v1.7.4/go.mod h1:IOAPF6oT9KCsceNTvvYMNHy0+kMF8akOjeDvPENWxp4=
github.com/aws/aws-sdk-go-v2/config v1.17.2/go.mod h1:jumS/AMwul4WaG8vyXsF6kUndG9zndR+yfYBwl4i9ds=
github.com/aws/aws-sdk-go-v2/config v1.27.16 h1:knpCuH7laFVGYTNd99Ns5t+8PuRjDn4HnnZK48csipM=
github.com/aws/aws-sdk-go-v2/config v1.27.16/go.mod h1:vutqgRhDUktwSge3hrC3nkuirzkJ4E/mLj5GvI0BQas=
github.com/aws/aws-sdk-go-v2/credentials v1.12.15/go.mod h1:41zTC6U/78fUD7ZCa5NymTJANDjfqySg5YEAYVFl2Ic=
github.com/aws/aws-sdk-go-v2/credentials v1.17.16 h1:7d2QxY83uYl0l58ceyiSpxg9bSbStqBC6BeEeHEchwo=
github.com/aws/aws-sdk-go-v2/credentials v1.17.16/go.mod h1:Ae6li/6Yc6eMzysRL2BXlPYvnrLLBg3D11/AmOjw50k=
github.com/aws/aws-sdk-go-v2/feature/ec2/imds v1.12.13/go.mod h1:y0eXmsNBFIVjUE8ZBjES8myOHlMsXDz7qGT93+MVdjk=
github.com/aws/aws-sdk-go-v2/feature/ec2/imds v1.16.3 h1:dQLK4TjtnlRGb0czOht2CevZ5l6RSyRWAnKeGd7VAFE=
github.com/aws/aws-sdk-go-v2/feature/ec2/imds v1.16.3/go.mod h1:TL79f2P6+8Q7dTsILpiVST+AL9lkF6PPGI167Ny0Cjw=
github.com/aws/aws-sdk-go-v2/internal/configsources v1.1.19/go.mod h1:llxE6bwUZhuCas0K7qGiu5OgMis3N7kdWtFSxoHmJ7E=
github.com/aws/aws-sdk-go-v2/internal/configsources v1.3.14 h1:VQaovRAzif3gv8A/PpTHHiuIxlvAyDwBQNgiiZ+uXnA=
github.com/aws/aws-sdk-go-v2/internal/configsources v1.3.14/go.mod h1:fVGBeMoBKNCjcVPPmxDq7mDqK66IdsNNAWCuNYQE65g=
github.com/aws/aws-sdk-go-v2/internal/configsources v1.4.16 h1:rgGwPzb82iBYSvHMHXc8h9mRoOUBZIGFgKb9qniaZZc=
github.com/aws/aws-sdk-go-v2/internal/configsources v1.4.16/go.mod h1:L/UxsGeKpGoIj6DxfhOWHWQ/kGKcd4I1VncE4++IyKA=
github.com/aws/aws-sdk-go-v2/internal/endpoints/v2 v2.4.13/go.mod h1:lB12mkZqCSo5PsdBFLNqc2M/OOYgNAy8UtaktyuWvE8=
github.com/aws/aws-sdk-go-v2/internal/endpoints/v2 v2.6.14 h1:H3mJaGAsqZZvPm+n0u3yABuO4MjXqAp/cxceVByPKaM=
github.com/aws/aws-sdk-go-v2/internal/endpoints/v2 v2.6.14/go.mod h1:llg6cnW4R8iWCCUS+Q5oOWQTkVHpTJY93TkOX3eKNxg=
github.com/aws/aws-sdk-go-v2/internal/endpoints/v2 v2.7.16 h1:1jtGzuV7c82xnqOVfx2F0xmJcOw5374L7N6juGW6x6U=
github.com/aws/aws-sdk-go-v2/internal/endpoints/v2 v2.7.16/go.mod h1:M2E5OQf+XLe+SZGmmpaI2yy+J326aFf6/+54PoxSANc=
github.com/aws/aws-sdk-go-v2/internal/ini v1.3.20/go.mod h1:bfTcsThj5a9P5pIGRy0QudJ8k4+issxXX+O6Djnd5Cs=
github.com/aws/aws-sdk-go-v2/internal/ini v1.8.0 h1:hT8rVHwugYE2lEfdFE0QWVo81lF7jMrYJVDWI+f+VxU=
github.com/aws/aws-sdk-go-v2/internal/ini v1.8.0/go.mod h1:8tu/lYfQfFe6IGnaOdrpVgEL2IrrDOf6/m9RQum4NkY=
github.com/aws/aws-sdk-go-v2/service/dynamodb v1.34.2 h1:hpLR00JByY1/TuzAFa9y4sB9KmTN48rp3yVqYRYAxDA=
github.com/aws/aws-sdk-go-v2/service/dynamodb v1.34.2/go.mod h1:bZ6myIOTukcnk/ya0f8YeLIWiEn0u/KxRqNP0V5VL7A=
github.com/aws/aws-sdk-go-v2/service/internal/accept-encoding v1.11.3 h1:dT3MqvGhSoaIhRseqw2I0yH81l7wiR2vjs57O51EAm8=
github.com/aws/aws-sdk-go-v2/service/internal/accept-encoding v1.11.3/go.mod h1:GlAeCkHwugxdHaueRr4nhPuY+WW+gR8UjlcqzPr1SPI=
github.com/aws/aws-sdk-go-v2/service/internal/endpoint-discovery v1.9.15 h1:g1+Je0mFlzWyvsamy3nB7jWYampCNetaPZul97RdFoY=
github.com/aws/aws-sdk-go-v2/service/internal/endpoint-discovery v1.9.15/go.mod h1:xuazCJUv6cT4qvnGq1P9mT/J1mEY705soH4t5at/Huo=
github.com/aws/aws-sdk-go-v2/service/internal/presigned-url v1.9.13/go.mod h1:V390DK4MQxLpDdXxFqizyz8KUxuWImkW/xzgXMz0yyk=
github.com/aws/aws-sdk-go-v2/service/internal/presigned-url v1.11.9 h1:Wx0rlZoEJR7JwlSZcHnEa7CNjrSIyVxMFWGAaXy4fJY=
github.com/aws/aws-sdk-go-v2/service/internal/presigned-url v1.11.9/go.mod h1:aVMHdE0aHO3v+f/iw01fmXV/5DbfQ3Bi9nN7nd9bE9Y=
github.com/aws/aws-sdk-go-v2/service/kinesis v1.42.9 h1:9Dme/lCNr7GT+n3+AsJV95g5akEhSYeJKoQOcrL8xZ4=
github.com/aws/aws-sdk-go-v2/service/kinesis v1.42.9/go.mod h1:77+d3nX1hnx0CMC+FG3N34e86SOaEKGpSP+8bQYkX90=
github.com/aws/aws-sdk-go-v2/service/sso v1.11.18/go.mod h1:ytmEi5+qwcSNcV2pVA8PIb1DnKT/0Bu/K4nfJHwoM6c=
github.com/aws/aws-sdk-go-v2/service/sso v1.20.9 h1:aD7AGQhvPuAxlSUfo0CWU7s6FpkbyykMhGYMvlqTjVs=
github.com/aws/aws-sdk-go-v2/service/sso v1.20.9/go.mod h1:c1qtZUWtygI6ZdvKppzCSXsDOq5I4luJPZ0Ud3juFCA=
github.com/aws/aws-sdk-go-v2/service/ssooidc v1.13.1/go.mod h1:NY+G+8PW0ISyJ7/6t5mgOe6qpJiwZa9Jix05WPscJjg=
github.com/aws/aws-sdk-go-v2/service/ssooidc v1.24.3 h1:Pav5q3cA260Zqez42T9UhIlsd9QeypszRPwC9LdSSsQ=
github.com/aws/aws-sdk-go-v2/service/ssooidc v1.24.3/go.mod h1:9lmoVDVLz/yUZwLaQ676TK02fhCu4+PgRSmMaKR1ozk=
github.com/aws/aws-sdk-go-v2/service/sts v1.16.14/go.mod h1:Y+BUV19q3OmQVqNUlbZ40zVi3NM6Biuxwkx/qdSD/CY=
github.com/aws/aws-sdk-go-v2/service/sts v1.28.10 h1:69tpbPED7jKPyzMcrwSvhWcJ9bPnZsZs18NT40JwM0g=
github.com/aws/aws-sdk-go-v2/service/sts v1.28.10/go.mod h1:0Aqn1MnEuitqfsCNyKsdKLhDUOr4txD/g19EfiUqgws=
github.com/aws/smithy-go v1.13.0/go.mod h1:Tg+OJXh4MB2R/uN61Ko2f6hTZwB/ZYGOtib8J3gBHzA=
github.com/aws/smithy-go v1.22.0 h1:uunKnWlcoL3zO7q+gG2Pk53joueEOsnNB28QdMsmiMM=
github.com/aws/smithy-go v1.22.0/go.mod h1:irrKGvNn1InZwb2d7fkIRNucdfwR8R+Ts3wxYa/cJHg=
github.com/aws/smithy-go v1.24.0 h1:LpilSUItNPFr1eY85RYgTIg5eIEPtvFbskaFcmmIUnk=
github.com/aws/smithy-go v1.24.0/go.mod h1:LEj2LM3rBRQJxPZTB4KuzZkaZYnZPnvgIhb4pu07mx0=
github.com/davecgh/go-spew v1.1.0/go.mod h1:J7Y8YcW2NihsgmVo/mv3lAwl/skON4iLHjSsI+c5H38=
github.com/davecgh/go-spew v1.1.1 h1:vj9j/u1bqnvCEfJOwUhtlOARqs3+rkHYY13jYWTU97c=
github.com/davecgh/go-spew v1.1.1/go.mod h1:J7Y8YcW2NihsgmVo/mv3lAwl/skON4iLHjSsI+c5H38=
github.com/google/go-cmp v0.5.8/go.mod h1:17dUlkBOakJ0+DkrSSNjCkIjxS6bF9zb3elmeNGIjoY=
github.com/jmespath/go-jmespath v0.4.0 h1:BEgLn5cpjn8UN1mAw4NjwDrS35OdebyEtFe+9YPoQUg=
github.com/jmespath/go-jmespath v0.4.0/go.mod h1:T8mJZnbsbmF+m6zOOFylbeCJqk5+pHWvzYPziyZiYoo=
github.com/jmespath/go-jmespath/internal/testify v1.5.1 h1:shLQSRRSCCPj3f2gpwzGwWFoC7ycTf1rcQZHOlsJ6N8=
github.com/jmespath/go-jmespath/internal/testify v1.5.1/go.mod h1:L3OGu8Wl2/fWfCI6z80xFu9LTZmf1ZRjMHUOPmWr69U=
github.com/klauspost/compress v1.15.7/go.mod h1:PhcZ0MbTNciWF3rruxRgKxI5NkcHHrHUDtV4Yw2GlzU=
github.com/klauspost/compress v1.15.9 h1:wKRjX6JRtDdrE9qwa4b/Cip7ACOshUI4smpCQanqjSY=
github.com/klauspost/compress v1.15.9/go.mod h1:PhcZ0MbTNciWF3rruxRgKxI5NkcHHrHUDtV4Yw2GlzU=
github.com/pierrec/lz4/v4 v4.1.15 h1:MO0/ucJhngq7299dKLwIMtgTfbkoSPF6AoMYDd8Q4q0=
github.com/pierrec/lz4/v4 v4.1.15/go.mod h1:gZWDp/Ze/IJXGXf23ltt2EXimqmTUXEy0GFuRQyBid4=
github.com/pmezard/go-difflib v1.0.0 h1:4DBwDE0NGyQoBHbLQYPwSUPoCMWR5BEzIk/f1lZbAQM=
github.com/pmezard/go-difflib v1.0.0/go.mod h1:iKH77koFhYxTK1pcRnkKkqfTogsbg7gZNVY4sRDYZ/4=
github.com/segmentio/kafka-go v0.4.34/go.mod h1:GAjxBQJdQMB5zfNA21AhpaqOB2Mu+w3De4ni3Gbm8y0=
github.com/segmentio/kafka-go v0.4.49 h1:GJiNX1d/g+kG6ljyJEoi9++PUMdXGAxb7JGPiDCuNmk=
github.com/segmentio/kafka-go v0.4.49/go.mod h1:Y1gn60kzLEEaW28YshXyk2+VCUKbJ3Qr6DrnT3i4+9E=
github.com/segmentio/kafka-go/sasl/aws_msk_iam_v2 v0.1.0 h1:Fjet4CFbGyWMbvwWb42PKZwKdpDksSB7eaPi9Ap6EKY=
github.com/segmentio/kafka-go/sasl/aws_msk_iam_v2 v0.1.0/go.mod h1:zk5DCsbNtQ0BhooxFaVpLBns0tArkR/xE+4oq2MvCq0=
github.com/stretchr/objx v0.1.0/go.mod h1:HFkY916IF+rwdDfMAkV7OtwuqBVzrE8GR6GFx+wExME=
github.com/stretchr/objx v0.4.0/go.mod h1:YvHI0jy2hoMjB+UWwv71VJQ9isScKT/TqJzVSSt89Yw=
github.com/stretchr/testify v1.7.1/go.mod h1:6Fq8oRcR53rry900zMqJjRRixrwX3KX962/h/Wwjteg=
github.com/stretchr/testify v1.8.0 h1:pSgiaMZlXftHpm5L7V1+rVB+AZJydKsMxsQBIJw4PKk=
github.com/stretchr/testify v1.8.0/go.mod h1:yNjHg4UonilssWZ8iaSj1OCr/vHnekPRkoO+kdMU+MU=
github.com/xdg-go/pbkdf2 v1.0.0 h1:Su7DPu48wXMwC3bs7MCNG+z4FhcyEuz5dlvchbq0B0c=
github.com/xdg-go/pbkdf2 v1.0.0/go.mod h1:jrpuAogTd400dnrH08LKmI/xc1MbPOebTwRqcT5RDeI=
github.com/xdg-go/scram v1.1.2 h1:FHX5I5B4i4hKRVRBCFRxq1iQRej7WO3hhBuJf+UUySY=
github.com/xdg-go/scram v1.1.2/go.mod h1:RT/sEzTbU5y00aCK8UOx6R7YryM0iF1N2MOmC3kKLN4=
github.com/xdg-go/stringprep v1.0.4 h1:XLI/Ng3O1Atzq0oBs3TWm+5ZVgkq2aqdlvP9JtoZ6c8=
github.com/xdg-go/stringprep v1.0.4/go.mod h1:mPGuuIYwz7CmR2bT9j4GbQqutWS1zV24gijq1dTyGkM=
github.com/xdg/scram v1.0.5/go.mod h1:lB8K/P019DLNhemzwFU4jHLhdvlE6uDZjXFejJXr49I=
github.com/xdg/stringprep v1.0.3/go.mod h1:Jhud4/sHMO4oL310DaZAKk9ZaJ08SJfe+sJh0HrGL1Y=
golang.org/x/crypto v0.0.0-20220622213112-05595931fe9d/go.mod h1:IxCIyHEi3zRg3s0A5j5BB6A9Jmi73HwBIUl50j+osU4=
golang.org/x/net v0.0.0-20211112202133-69e39bad7dc2/go.mod h1:9nx3DQGgdP8bBQD5qxJ1jj9UTztislL4KSBs9R2vV5Y=
golang.org/x/net v0.0.0-20220706163947-c90051bbdb60/go.mod h1:XRhObCWvk6IyKnWLug+ECip1KBveYUHfp+8e9klMJ9c=
golang.org/x/net v0.38.0 h1:vRMAPTMaeGqVhG5QyLJHqNDwecKTomGeqbnfZyKlBI8=
golang.org/x/net v0.38.0/go.mod h1:ivrbrMbzFq5J41QOQh0siUuly180yBYtLp+CKbEaFx8=
golang.org/x/sys v0.0.0-20201119102817-f84b799fce68/go.mod h1:h1NjWce9XRLGQEsW7wpKNCjG9DtNlClVuFLEZdDNbEs=
golang.org/x/sys v0.0.0-20210423082822-04245dca01da/go.mod h1:h1NjWce9XRLGQEsW7wpKNCjG9DtNlClVuFLEZdDNbEs=
golang.org/x/sys v0.0.0-20210615035016-665e8c7367d1/go.mod h1:oPkhp1MJrh7nUepCBck5+mAzfO9JrbApNNgaTdGDITg=
golang.org/x/sys v0.0.0-20220520151302-bc2c85ada10a/go.mod h1:oPkhp1MJrh7nUepCBck5+mAzfO9JrbApNNgaTdGDITg=
golang.org/x/term v0.0.0-20201126162022-7de9c90e9dd1/go.mod h1:bj7SfCRtBDWHUb9snDiAeCFNEtKQo2Wmx5Cou7ajbmo=
golang.org/x/term v0.0.0-20210927222741-03fcf44c2211/go.mod h1:jbD1KX2456YbFQfuXm/mYQcufACuNUgVhRMnK/tPxf8=
golang.org/x/text v0.3.6/go.mod h1:5Zoc/QRtKVWzQhOtBMvqHzDpF6irO9z98xDceosuGiQ=
golang.org/x/text v0.3.7/go.mod h1:u+2+/6zg+i71rQMx5EYifcz6MCKuco9NR6JIITiCfzQ=
golang.org/x/text v0.23.0 h1:D71I7dUrlY+VX0gQShAThNGHFxZ13dGLBHQLVl1mJlY=
golang.org/x/text v0.23.0/go.mod h1:/BLNzu4aZCJ1+kcD0DNRotWKage4q2rGVAg4o22unh4=
golang.org/x/tools v0.0.0-20180917221912-90fa682c2a6e/go.mod h1:n7NCudcB/nEzxVGmLbDWY5pfWTLqBcC2KZ6jyYvM4mQ=
gopkg.in/check.v1 v0.0.0-20161208181325-20d25e280405/go.mod h1:Co6ibVJAznAaIkqp8huTwlJQCZ016jof/cbN4VW5Yz0=
gopkg.in/yaml.v2 v2.2.8 h1:obN1ZagJSUGI0Ek/LBmuj4SNLPfIny3KsKFopxRdj10=
gopkg.in/yaml.v2 v2.2.8/go.mod h1:hI93XBmqTisBFMUTm0b8Fm+jr3Dg1NNxqwp+5A1VGuI=
gopkg.in/yaml.v3 v3.0.0-20200313102051-9f266ea9e77c/go.mod h1:K4uyk7z7BCEPqu6E+C64Yfv1cQ7kz7rIZviUmN+EgEM=
gopkg.in/yaml.v3 v3.0.1 h1:fxVm/GzAzEWqLHuvctI91KS9hhNmmWOoWu0XTYJS7CA=
gopkg.in/yaml.v3 v3.0.1/go.mod h1:K4uyk7z7BCEPqu6E+C64Yfv1cQ7kz7rIZviUmN+EgEM=
